# This is a Gradle generated file for dependency locking.
# Manual edits can break the build and are not advised.
# This file is expected to be part of source control.
# To regenerate this file, run: ./gradlew :dependencies --write-locks
com.code-intelligence:jazzer-api:0.30.0=testCompileClasspath,testRuntimeClasspath
com.code-intelligence:jazzer-junit:0.30.0=testCompileClasspath,testRuntimeClasspath
com.code-intelligence:jazzer:0.30.0=testCompileClasspath,testRuntimeClasspath
com.fasterxml.jackson.core:jackson-annotations:2.21=rewrite
com.fasterxml.jackson.core:jackson-core:2.21.5=rewrite
com.fasterxml.jackson.core:jackson-databind:2.21.5=rewrite
com.fasterxml.jackson.dataformat:jackson-dataformat-csv:2.21.5=rewrite
com.fasterxml.jackson.dataformat:jackson-dataformat-smile:2.21.5=rewrite
com.fasterxml.jackson.dataformat:jackson-dataformat-xml:2.21.5=rewrite
com.fasterxml.jackson.dataformat:jackson-dataformat-yaml:2.21.5=rewrite
com.fasterxml.jackson.datatype:jackson-datatype-jdk8:2.21.5=rewrite
com.fasterxml.jackson.datatype:jackson-datatype-jsr310:2.21.5=rewrite
com.fasterxml.jackson.module:jackson-module-jaxb-annotations:2.21.5=rewrite
com.fasterxml.jackson.module:jackson-module-parameter-names:2.21.5=rewrite
com.fasterxml.jackson:jackson-bom:2.21.5=rewrite
com.fasterxml.woodstox:woodstox-core:7.1.1=rewrite
com.github.ben-manes.caffeine:caffeine:2.9.3=rewrite
com.github.ben-manes.caffeine:caffeine:3.0.5=annotationProcessor,testAnnotationProcessor
com.github.kevinstern:software-and-algorithms:1.0=annotationProcessor,testAnnotationProcessor
com.google.auto.service:auto-service-annotations:1.0.1=annotationProcessor,testAnnotationProcessor
com.google.auto.value:auto-value-annotations:1.9=annotationProcessor,testAnnotationProcessor
com.google.auto:auto-common:1.2.2=annotationProcessor,testAnnotationProcessor
com.google.errorprone:error_prone_annotation:2.50.0=annotationProcessor,testAnnotationProcessor
com.google.errorprone:error_prone_annotations:2.47.0=rewrite
com.google.errorprone:error_prone_annotations:2.50.0=annotationProcessor,testAnnotationProcessor
com.google.errorprone:error_prone_check_api:2.50.0=annotationProcessor,testAnnotationProcessor
com.google.errorprone:error_prone_core:2.50.0=annotationProcessor,testAnnotationProcessor
com.google.googlejavaformat:google-java-format:1.35.0=annotationProcessor,testAnnotationProcessor
com.google.guava:failureaccess:1.0.3=annotationProcessor,rewrite,testAnnotationProcessor
com.google.guava:guava:33.5.0-jre=annotationProcessor,testAnnotationProcessor
com.google.guava:guava:33.6.0-jre=rewrite
com.google.guava:listenablefuture:9999.0-empty-to-avoid-conflict-with-guava=annotationProcessor,rewrite,testAnnotationProcessor
com.google.j2objc:j2objc-annotations:3.1=annotationProcessor,rewrite,testAnnotationProcessor
com.google.protobuf:protobuf-java:4.33.2=annotationProcessor,testAnnotationProcessor
com.googlecode.javaewah:JavaEWAH:1.1.13=rewrite
com.tngtech.archunit:archunit-junit5-api:1.4.2=testCompileClasspath,testRuntimeClasspath
com.tngtech.archunit:archunit-junit5-engine-api:1.4.2=testRuntimeClasspath
com.tngtech.archunit:archunit-junit5-engine:1.4.2=testRuntimeClasspath
com.tngtech.archunit:archunit-junit5:1.4.2=testCompileClasspath,testRuntimeClasspath
com.tngtech.archunit:archunit:1.4.2=testCompileClasspath,testRuntimeClasspath
com.uber.nullaway:nullaway:0.13.7=annotationProcessor,testAnnotationProcessor
com.univocity:univocity-parsers:2.9.1=rewrite
dev.failsafe:failsafe:3.3.2=rewrite
info.picocli:picocli:4.7.7=compileClasspath,jcstressCompileClasspath,jcstressRuntimeClasspath,jmhCompileClasspath,jmhRuntimeClasspath,runtimeClasspath,testCompileClasspath,testRuntimeClasspath
io.github.classgraph:classgraph:4.8.190=rewrite
io.github.eisop:dataflow-errorprone:3.41.0-eisop1=annotationProcessor,testAnnotationProcessor
io.github.java-diff-utils:java-diff-utils:4.12=annotationProcessor,testAnnotationProcessor
io.micrometer:micrometer-core:1.9.17=rewrite
io.moderne:jsonrpc:1.0.11=rewrite
io.quarkus.gizmo:gizmo:1.0.11.Final=rewrite
jakarta.activation:jakarta.activation-api:1.2.2=rewrite
javax.inject:javax.inject:1=annotationProcessor,testAnnotationProcessor
javax.xml.bind:jaxb-api:2.2.12=rewrite
net.java.dev.jna:jna-platform:5.19.1=rewrite
net.java.dev.jna:jna-platform:5.8.0=jcstressAnnotationProcessor,jcstressCompileClasspath,jcstressRuntimeClasspath
net.java.dev.jna:jna:5.19.1=rewrite
net.java.dev.jna:jna:5.8.0=jcstressAnnotationProcessor,jcstressCompileClasspath,jcstressRuntimeClasspath
net.sf.jopt-simple:jopt-simple:4.6=jcstressAnnotationProcessor,jcstressCompileClasspath,jcstressRuntimeClasspath
net.sf.jopt-simple:jopt-simple:5.0.4=jmhAnnotationProcessor,jmhCompileClasspath,jmhRuntimeClasspath
org.antlr:antlr4-runtime:4.13.2=rewrite
org.apache.commons:commons-lang3:3.20.0=rewrite
org.apache.commons:commons-math3:3.6.1=jmhAnnotationProcessor,jmhCompileClasspath,jmhRuntimeClasspath
org.apache.commons:commons-text:1.15.0=rewrite
org.apache.groovy:groovy-bom:4.0.33=rewrite
org.apache.groovy:groovy:4.0.33=rewrite
org.apiguardian:apiguardian-api:1.1.2=testCompileClasspath
org.bouncycastle:bcprov-jdk18on:1.84=compileClasspath,jcstressCompileClasspath,jcstressRuntimeClasspath,jmhCompileClasspath,jmhRuntimeClasspath,runtimeClasspath,testCompileClasspath,testRuntimeClasspath
org.checkerframework:checker-qual:3.19.0=rewrite
org.checkerframework:checker-qual:4.0.0=annotationProcessor,testAnnotationProcessor
org.checkerframework:dataflow-nullaway:4.0.0=annotationProcessor,testAnnotationProcessor
org.codehaus.woodstox:stax2-api:4.2.2=rewrite
org.functionaljava:functionaljava:5.0=rewrite
org.hdrhistogram:HdrHistogram:2.1.12=rewrite
org.jboss:jandex:2.4.2.Final=rewrite
org.jetbrains.kotlin:kotlin-compiler-embeddable:2.3.20=rewrite
org.jetbrains.kotlin:kotlin-daemon-embeddable:2.3.20=rewrite
org.jetbrains.kotlin:kotlin-reflect:2.3.20=rewrite
org.jetbrains.kotlin:kotlin-script-runtime:2.3.20=rewrite
org.jetbrains.kotlin:kotlin-stdlib:2.3.20=rewrite
org.jetbrains.kotlinx:kotlinx-coroutines-core-jvm:1.8.0=rewrite
org.jetbrains:annotations:13.0=testCompileClasspath,testRuntimeClasspath
org.jetbrains:annotations:26.1.0=rewrite
org.jetbrains:jetCheck:0.3.0=testCompileClasspath,testRuntimeClasspath
org.jspecify:jspecify:1.0.0=annotationProcessor,compileClasspath,jcstressCompileClasspath,jcstressRuntimeClasspath,jmhCompileClasspath,jmhRuntimeClasspath,runtimeClasspath,testAnnotationProcessor,testCompileClasspath,testRuntimeClasspath
org.jspecify:jspecify:1.0.1=rewrite
org.junit.jupiter:junit-jupiter-api:6.1.2=testCompileClasspath,testRuntimeClasspath
org.junit.jupiter:junit-jupiter-engine:6.1.2=testRuntimeClasspath
org.junit.jupiter:junit-jupiter-params:6.1.2=testCompileClasspath,testRuntimeClasspath
org.junit.jupiter:junit-jupiter:6.1.2=testCompileClasspath,testRuntimeClasspath
org.junit.platform:junit-platform-commons:6.1.2=testCompileClasspath,testRuntimeClasspath
org.junit.platform:junit-platform-engine:6.1.2=testCompileClasspath,testRuntimeClasspath
org.junit.platform:junit-platform-launcher:6.1.2=testCompileClasspath,testRuntimeClasspath
org.junit:junit-bom:6.1.2=testCompileClasspath,testRuntimeClasspath
org.latencyutils:LatencyUtils:2.0.3=rewrite
org.objenesis:objenesis:3.6=rewrite
org.openjdk.jcstress:jcstress-core:0.16=jcstressAnnotationProcessor,jcstressCompileClasspath,jcstressRuntimeClasspath
org.openjdk.jmh:jmh-core:1.37=jmhAnnotationProcessor,jmhCompileClasspath,jmhRuntimeClasspath
org.openjdk.jmh:jmh-generator-annprocess:1.37=jmhAnnotationProcessor
org.openrewrite.meta:rewrite-analysis:2.37.1=rewrite
org.openrewrite.recipe:rewrite-github-actions:3.29.0=rewrite
org.openrewrite.recipe:rewrite-java-dependencies:1.60.2=rewrite
org.openrewrite.recipe:rewrite-jenkins:0.37.1=rewrite
org.openrewrite.recipe:rewrite-joda:0.10.1=rewrite
org.openrewrite.recipe:rewrite-migrate-java:3.42.0=rewrite
org.openrewrite.recipe:rewrite-recipe-bom:3.37.0=rewrite
org.openrewrite.recipe:rewrite-static-analysis:2.41.0=rewrite
org.openrewrite.tools:java-object-diff:1.0.1=rewrite
org.openrewrite.tools:jgit:1.5.0=rewrite
org.openrewrite:rewrite-core:8.89.0=rewrite
org.openrewrite:rewrite-docker:8.89.0=rewrite
org.openrewrite:rewrite-gradle:8.89.0=rewrite
org.openrewrite:rewrite-groovy:8.89.0=rewrite
org.openrewrite:rewrite-java-11:8.89.0=rewrite
org.openrewrite:rewrite-java-17:8.89.0=rewrite
org.openrewrite:rewrite-java-21:8.89.0=rewrite
org.openrewrite:rewrite-java-25:8.89.0=rewrite
org.openrewrite:rewrite-java-8:8.89.0=rewrite
org.openrewrite:rewrite-java-lombok:8.89.0=rewrite
org.openrewrite:rewrite-java:8.89.0=rewrite
org.openrewrite:rewrite-json:8.89.0=rewrite
org.openrewrite:rewrite-kotlin:8.89.0=rewrite
org.openrewrite:rewrite-maven:8.89.0=rewrite
org.openrewrite:rewrite-properties:8.89.0=rewrite
org.openrewrite:rewrite-templating:1.44.0=rewrite
org.openrewrite:rewrite-toml:8.89.0=rewrite
org.openrewrite:rewrite-xml:8.89.0=rewrite
org.openrewrite:rewrite-yaml:8.89.0=rewrite
org.opentest4j:opentest4j:1.3.0=testCompileClasspath,testRuntimeClasspath
org.ow2.asm:asm-analysis:9.10.1=rewrite
org.ow2.asm:asm-tree:9.10.1=rewrite
org.ow2.asm:asm-util:9.10.1=rewrite
org.ow2.asm:asm:9.10.1=rewrite
org.pcollections:pcollections:4.0.1=annotationProcessor,testAnnotationProcessor
org.projectlombok:lombok:1.18.46=rewrite
org.slf4j:slf4j-api:2.0.17=testCompileClasspath,testRuntimeClasspath
org.xerial:sqlite-jdbc:3.53.2.0=compileClasspath,jcstressCompileClasspath,jcstressRuntimeClasspath,jmhCompileClasspath,jmhRuntimeClasspath,runtimeClasspath,testCompileClasspath,testRuntimeClasspath
org.yaml:snakeyaml:2.6=rewrite
tech.picnic.error-prone-support:error-prone-contrib:0.30.0=rewrite
tech.picnic.error-prone-support:error-prone-utils:0.30.0=rewrite
tech.picnic.error-prone-support:refaster-support:0.30.0=rewrite
empty=
